
Microsoft Visual Studio Solution File, Format Version 12.00
# Visual Studio Version 17
VisualStudioVersion = 17.0.31903.59
MinimumVisualStudioVersion = 10.0.40219.1
Project("{9A19103F-16F7-4668-BE54-9A1E7A4F7556}") = "Books.API", "Books.API\Books.API.csproj", "{3E959515-2F89-4387-B47F-0ABB8D504464}"
EndProject
Project("{9A19103F-16F7-4668-BE54-9A1E7A4F7556}") = "Books.Core", "Books.Core\Books.Core.csproj", "{E58191FA-34C9-436B-ADA0-F302639BB601}"
EndProject
Project("{9A19103F-16F7-4668-BE54-9A1E7A4F7556}") = "Books.DataAccess", "Books.DataAccess\Books.DataAccess.csproj", "{447EFD0F-D9BA-4829-87A0-30346AE62752}"
EndProject
Project("{FAE04EC0-301F-11D3-BF4B-00C04F79EFBC}") = "Books.Application", "Books.Application\Books.Application.csproj", "{4A6B7114-90AA-4041-A409-4677048D28D4}"
EndProject
Global
	GlobalSection(SolutionConfigurationPlatforms) = preSolution
		Debug|Any CPU = Debug|Any CPU
		Release|Any CPU = Release|Any CPU
	EndGlobalSection
	GlobalSection(ProjectConfigurationPlatforms) = postSolution
		{3E959515-2F89-4387-B47F-0ABB8D504464}.Debug|Any CPU.ActiveCfg = Debug|Any CPU
		{3E959515-2F89-4387-B47F-0ABB8D504464}.Debug|Any CPU.Build.0 = Debug|Any CPU
		{3E959515-2F89-4387-B47F-0ABB8D504464}.Release|Any CPU.ActiveCfg = Release|Any CPU
		{3E959515-2F89-4387-B47F-0ABB8D504464}.Release|Any CPU.Build.0 = Release|Any CPU
		{E58191FA-34C9-436B-ADA0-F302639BB601}.Debug|Any CPU.ActiveCfg = Debug|Any CPU
		{E58191FA-34C9-436B-ADA0-F302639BB601}.Debug|Any CPU.Build.0 = Debug|Any CPU
		{E58191FA-34C9-436B-ADA0-F302639BB601}.Release|Any CPU.ActiveCfg = Release|Any CPU
		{E58191FA-34C9-436B-ADA0-F302639BB601}.Release|Any CPU.Build.0 = Release|Any CPU
		{447EFD0F-D9BA-4829-87A0-30346AE62752}.Debug|Any CPU.ActiveCfg = Debug|Any CPU
		{447EFD0F-D9BA-4829-87A0-30346AE62752}.Debug|Any CPU.Build.0 = Debug|Any CPU
		{447EFD0F-D9BA-4829-87A0-30346AE62752}.Release|Any CPU.ActiveCfg = Release|Any CPU
		{447EFD0F-D9BA-4829-87A0-30346AE62752}.Release|Any CPU.Build.0 = Release|Any CPU
		{4A6B7114-90AA-4041-A409-4677048D28D4}.Debug|Any CPU.ActiveCfg = Debug|Any CPU
		{4A6B7114-90AA-4041-A409-4677048D28D4}.Debug|Any CPU.Build.0 = Debug|Any CPU
		{4A6B7114-90AA-4041-A409-4677048D28D4}.Release|Any CPU.ActiveCfg = Release|Any CPU
		{4A6B7114-90AA-4041-A409-4677048D28D4}.Release|Any CPU.Build.0 = Release|Any CPU
	EndGlobalSection
	GlobalSection(SolutionProperties) = preSolution
		HideSolutionNode = FALSE
	EndGlobalSection
	GlobalSection(ExtensibilityGlobals) = postSolution
		SolutionGuid = {F74010DC-490C-4528-8B8D-9FE3DB215D52}
	EndGlobalSection
EndGlobal
